
Microsoft Visual Studio Solution File, Format Version 12.00
# Visual Studio 15
VisualStudioVersion = 15.0.27130.2036
MinimumVisualStudioVersion = 10.0.40219.1
Project("{FAE04EC0-301F-11D3-BF4B-00C04F79EFBC}") = "BigShop.Common", "BigShop.Common\BigShop.Common.csproj", "{44707F55-8CBE-4BA9-95D6-6C2908789717}"
EndProject
Project("{FAE04EC0-301F-11D3-BF4B-00C04F79EFBC}") = "BigShop.Data", "BigShop.Data\BigShop.Data.csproj", "{C59E6641-2300-4D9A-BC2F-68E2815AB03F}"
EndProject
Project("{FAE04EC0-301F-11D3-BF4B-00C04F79EFBC}") = "BigShop.Model", "BigShop.Model\BigShop.Model.csproj", "{B456B536-6ECC-4C6D-BE42-796749A00100}"
EndProject
Project("{FAE04EC0-301F-11D3-BF4B-00C04F79EFBC}") = "BigShop.Service", "BigShop.Service\BigShop.Service.csproj", "{4713BD3E-8F54-40C2-812F-D594DC138D3A}"
EndProject
Project("{FAE04EC0-301F-11D3-BF4B-00C04F79EFBC}") = "BigShop.UnitTest", "BigShop.UnitTest\BigShop.UnitTest.csproj", "{E1A46A44-017B-48DF-95D2-B2817503FB5E}"
EndProject
Project("{FAE04EC0-301F-11D3-BF4B-00C04F79EFBC}") = "BigShop.Web", "BigShop.Web\BigShop.Web.csproj", "{B964080E-5DD4-4823-BCE9-D3BABBBA9EF2}"
EndProject
Global
	GlobalSection(SolutionConfigurationPlatforms) = preSolution
		Debug|Any CPU = Debug|Any CPU
		Release|Any CPU = Release|Any CPU
	EndGlobalSection
	GlobalSection(ProjectConfigurationPlatforms) = postSolution
		{44707F55-8CBE-4BA9-95D6-6C2908789717}.Debug|Any CPU.ActiveCfg = Debug|Any CPU
		{44707F55-8CBE-4BA9-95D6-6C2908789717}.Debug|Any CPU.Build.0 = Debug|Any CPU
		{44707F55-8CBE-4BA9-95D6-6C2908789717}.Release|Any CPU.ActiveCfg = Release|Any CPU
		{44707F55-8CBE-4BA9-95D6-6C2908789717}.Release|Any CPU.Build.0 = Release|Any CPU
		{C59E6641-2300-4D9A-BC2F-68E2815AB03F}.Debug|Any CPU.ActiveCfg = Debug|Any CPU
		{C59E6641-2300-4D9A-BC2F-68E2815AB03F}.Debug|Any CPU.Build.0 = Debug|Any CPU
		{C59E6641-2300-4D9A-BC2F-68E2815AB03F}.Release|Any CPU.ActiveCfg = Release|Any CPU
		{C59E6641-2300-4D9A-BC2F-68E2815AB03F}.Release|Any CPU.Build.0 = Release|Any CPU
		{B456B536-6ECC-4C6D-BE42-796749A00100}.Debug|Any CPU.ActiveCfg = Debug|Any CPU
		{B456B536-6ECC-4C6D-BE42-796749A00100}.Debug|Any CPU.Build.0 = Debug|Any CPU
		{B456B536-6ECC-4C6D-BE42-796749A00100}.Release|Any CPU.ActiveCfg = Release|Any CPU
		{B456B536-6ECC-4C6D-BE42-796749A00100}.Release|Any CPU.Build.0 = Release|Any CPU
		{4713BD3E-8F54-40C2-812F-D594DC138D3A}.Debug|Any CPU.ActiveCfg = Debug|Any CPU
		{4713BD3E-8F54-40C2-812F-D594DC138D3A}.Debug|Any CPU.Build.0 = Debug|Any CPU
		{4713BD3E-8F54-40C2-812F-D594DC138D3A}.Release|Any CPU.ActiveCfg = Release|Any CPU
		{4713BD3E-8F54-40C2-812F-D594DC138D3A}.Release|Any CPU.Build.0 = Release|Any CPU
		{E1A46A44-017B-48DF-95D2-B2817503FB5E}.Debug|Any CPU.ActiveCfg = Debug|Any CPU
		{E1A46A44-017B-48DF-95D2-B2817503FB5E}.Debug|Any CPU.Build.0 = Debug|Any CPU
		{E1A46A44-017B-48DF-95D2-B2817503FB5E}.Release|Any CPU.ActiveCfg = Release|Any CPU
		{E1A46A44-017B-48DF-95D2-B2817503FB5E}.Release|Any CPU.Build.0 = Release|Any CPU
		{B964080E-5DD4-4823-BCE9-D3BABBBA9EF2}.Debug|Any CPU.ActiveCfg = Debug|Any CPU
		{B964080E-5DD4-4823-BCE9-D3BABBBA9EF2}.Debug|Any CPU.Build.0 = Debug|Any CPU
		{B964080E-5DD4-4823-BCE9-D3BABBBA9EF2}.Release|Any CPU.ActiveCfg = Release|Any CPU
		{B964080E-5DD4-4823-BCE9-D3BABBBA9EF2}.Release|Any CPU.Build.0 = Release|Any CPU
	EndGlobalSection
	GlobalSection(SolutionProperties) = preSolution
		HideSolutionNode = FALSE
	EndGlobalSection
	GlobalSection(ExtensibilityGlobals) = postSolution
		SolutionGuid = {E2A6DD13-9FA5-4FAF-BD9F-2C2E33E4C4C7}
	EndGlobalSection
EndGlobal
